# This file is @generated by PDM.
# It is not intended for manual editing.

[[package]]
name = "diptest"
version = "0.5.2"
requires_python = ">=3.7"
summary = "Hartigan's diptest."
dependencies = [
    "numpy>=1.18",
    "psutil",
]

[[package]]
name = "joblib"
version = "1.2.0"
requires_python = ">=3.7"
summary = "Lightweight pipelining with Python functions"

[[package]]
name = "numpy"
version = "1.24.3"
requires_python = ">=3.8"
summary = "Fundamental package for array computing in Python"

[[package]]
name = "psutil"
version = "5.9.5"
requires_python = ">=2.7, !=3.0.*, !=3.1.*, !=3.2.*, !=3.3.*"
summary = "Cross-platform lib for process and system monitoring in Python."

[[package]]
name = "scikit-learn"
version = "1.2.2"
requires_python = ">=3.8"
summary = "A set of python modules for machine learning and data mining"
dependencies = [
    "joblib>=1.1.1",
    "numpy>=1.17.3",
    "scipy>=1.3.2",
    "threadpoolctl>=2.0.0",
]

[[package]]
name = "scipy"
version = "1.9.3"
requires_python = ">=3.8"
summary = "Fundamental algorithms for scientific computing in Python"
dependencies = [
    "numpy<1.26.0,>=1.18.5",
]

[[package]]
name = "threadpoolctl"
version = "3.1.0"
requires_python = ">=3.6"
summary = "threadpoolctl"

[metadata]
lock_version = "4.2"
groups = ["default"]
content_hash = "sha256:bee9dd362bd0a4b0995b887fd357c7f4770e0cc9bef78b0c61844225e5b11f58"

[metadata.files]
"diptest 0.5.2" = [
    {url = "https://files.pythonhosted.org/packages/0e/e0/af71c60e57c19432cd0b3ef5442729696656923c4ba3ec5e546e6287829f/diptest-0.5.2-cp311-cp311-win_amd64.whl", hash = "sha256:e6bbfa78e6f713b67a0a80ef6e3f06263ff6a493b3cce697db9b3f5c39ca7d52"},
    {url = "https://files.pythonhosted.org/packages/1c/df/86b4bb43d1409f7ec3182b8bba938993179fa8e0a7b39025afee302def82/diptest-0.5.2-cp311-cp311-macosx_11_0_arm64.whl", hash = "sha256:2db5b4a97f425bbb0cc480c2baf865c2d6dec4b4b3e8d80d9ad2881004c1f22a"},
    {url = "https://files.pythonhosted.org/packages/25/67/ab90716b0bebc047baa83fc58f4466ec099cf4cf218fcf34846ac7ce46be/diptest-0.5.2-cp39-cp39-macosx_10_13_x86_64.whl", hash = "sha256:61a6cf3063d14c7a5b147db46161f7d091c31a0c8b8a88cdbf7ff5c368733d0e"},
    {url = "https://files.pythonhosted.org/packages/3f/2f/e1068ca34346f41446f00a3ef6676ccb557cc58b29e0d836cbed41e7283d/diptest-0.5.2-cp310-cp310-macosx_11_0_arm64.whl", hash = "sha256:aa02f13bff542a84f3c0cc034c35091988bf54e2ad7a3e94ef7359961c24530c"},
    {url = "https://files.pythonhosted.org/packages/63/77/8aed702f2604487f2af217aa8ad8f4cd8a284a3469a28398f753681d8f84/diptest-0.5.2-cp311-cp311-manylinux_2_17_x86_64.manylinux2014_x86_64.whl", hash = "sha256:1f72e379c1aa673686593e7e02e42a6c4178232aa7d508eeacaa132c129ee621"},
    {url = "https://files.pythonhosted.org/packages/66/ea/b56d1bf3956b3fec8e0ad3c1f278fa95869d8a7cae876f065b0df9f94e65/diptest-0.5.2-cp38-cp38-win_amd64.whl", hash = "sha256:275718fa858b74e90f106edf7808a7527b64c274dcd02ae3ef6f9905238d189f"},
    {url = "https://files.pythonhosted.org/packages/6c/eb/55d8b32e8e5bd47f0a36b92eb421db2bc67e28fc63502233e0dd21c3db4b/diptest-0.5.2-cp39-cp39-macosx_11_0_arm64.whl", hash = "sha256:436bccc4a2f2e236a8c71c551364ff2683be4d2c3d2fca55fc7048fd2e28235b"},
    {url = "https://files.pythonhosted.org/packages/6f/93/0f8d9f60ea7f6861cc1d23ec993782df847c4c78ec92be11933b70b2c920/diptest-0.5.2-cp311-cp311-macosx_10_13_x86_64.whl", hash = "sha256:e51c098606f2a14333d1c1601190875da507ebf28fe1c0bc351b5846426d0353"},
    {url = "https://files.pythonhosted.org/packages/78/35/e3523f38e13a20e274ec49fc9cc57eac7d9704a1716af2f194883249a983/diptest-0.5.2-cp310-cp310-manylinux_2_17_x86_64.manylinux2014_x86_64.whl", hash = "sha256:de1db15900bb75846829dbb59396caa56523677bad273aa14ac81e71cc16741b"},
    {url = "https://files.pythonhosted.org/packages/8b/09/c08a4638134f1ad9024ef82db3536588f8228a5edf5554fc1b6c58bc84d3/diptest-0.5.2-cp39-cp39-manylinux_2_17_x86_64.manylinux2014_x86_64.whl", hash = "sha256:547d6d9192c245b4942e6038bca3312b69324d7178fa6e1b8db7efa030b16ee3"},
    {url = "https://files.pythonhosted.org/packages/a8/e8/b8d234ac08b0716e5bb9d4d34bca97e127f3defde39cd13def1d87c3472d/diptest-0.5.2-cp38-cp38-manylinux_2_17_x86_64.manylinux2014_x86_64.whl", hash = "sha256:252a1d0da05acc28cb4ef6b4a6bea943b294beee5d8a254cd040d03b9077a2f3"},
    {url = "https://files.pythonhosted.org/packages/ba/7c/895dc230a533d1f81362b1b070cde4684419906aa31da3acfcdcc1264e89/diptest-0.5.2.tar.gz", hash = "sha256:7f556a7873034322ea0357adc09f75054fc94dadfe6ff4fec90e9c166e823689"},
    {url = "https://files.pythonhosted.org/packages/d0/80/13c628ab5031f3719faeca4ffe272fd15f786639bca3b7687c66190da679/diptest-0.5.2-cp37-cp37m-macosx_10_13_x86_64.whl", hash = "sha256:af080b790e06fb421ebb155761b23e6fe684534e851bcce75b9785545da2d783"},
    {url = "https://files.pythonhosted.org/packages/d7/c6/b4f34fc8af40de25faa2299de37320ba45737606cd3c7a99b69b554936c2/diptest-0.5.2-cp37-cp37m-manylinux_2_17_x86_64.manylinux2014_x86_64.whl", hash = "sha256:c31320e050d8789942a71503c98154631fe9eaef2c7a47651899e0587f5fa398"},
    {url = "https://files.pythonhosted.org/packages/d8/5f/41814e02b45e63b0e83fc5ccf30a6d822642acd26c6d2a854f8a84528081/diptest-0.5.2-cp310-cp310-macosx_10_13_x86_64.whl", hash = "sha256:d184768b677329232611f1e05ea5c81cde40081a5c511d8dddf4eaf8529b73fb"},
    {url = "https://files.pythonhosted.org/packages/de/18/3a978ceb73d8b49f5e004772f547972450021680b737330de89fa6f7bb50/diptest-0.5.2-cp37-cp37m-win_amd64.whl", hash = "sha256:2b8332fafa38f4df2ed5e3b77fa702a9df369d3a170241aa7c76b3eb8dddaff4"},
    {url = "https://files.pythonhosted.org/packages/e6/a8/295ec23291b43ffeef2966976db0a80df5e328ee407df1d30ca8cea0928d/diptest-0.5.2-cp39-cp39-win_amd64.whl", hash = "sha256:dbb80010822c0f57411eddd2d3c5e8ecbbc1f8217e9b1e750990c4910ecd1817"},
    {url = "https://files.pythonhosted.org/packages/ed/12/8540f5683dfe9000c19abecce8efc9aef3722ef5fee79122ec6cd3f20e9b/diptest-0.5.2-cp310-cp310-win_amd64.whl", hash = "sha256:5beaafb5bc9f865a5e4bbee4cc6716dabd5b35e72245c6bdc6019a316bf394ba"},
    {url = "https://files.pythonhosted.org/packages/ef/82/575f345f4ce1e6de4bd066d6c5012a64e2eb28f82b1e96cd6143db92db24/diptest-0.5.2-cp38-cp38-macosx_10_13_x86_64.whl", hash = "sha256:aa01fd90bdac2d58b169d8ff90cadc4fd495a55992dce4dff29f1d0fbdb189df"},
    {url = "https://files.pythonhosted.org/packages/fc/66/90ef8f648a7091d74372dbb56c0f037c45eecf363becbd742b1de0fe520b/diptest-0.5.2-cp38-cp38-macosx_11_0_arm64.whl", hash = "sha256:03a09d47969d7f167c4ccd0a1345799566a6c467e166c6be8b1bf1e0f8a28463"},
]
"joblib 1.2.0" = [
    {url = "https://files.pythonhosted.org/packages/45/dd/a5435a6902d6315241c48a5343e6e6675b007e05d3738ed97a7a47864e53/joblib-1.2.0.tar.gz", hash = "sha256:e1cee4a79e4af22881164f218d4311f60074197fb707e082e803b61f6d137018"},
    {url = "https://files.pythonhosted.org/packages/91/d4/3b4c8e5a30604df4c7518c562d4bf0502f2fa29221459226e140cf846512/joblib-1.2.0-py3-none-any.whl", hash = "sha256:091138ed78f800342968c523bdde947e7a305b8594b910a0fea2ab83c3c6d385"},
]
"numpy 1.24.3" = [
    {url = "https://files.pythonhosted.org/packages/0d/43/643629a4a278b4815541c7d69856c07ddb0e99bdc62b43538d3751eae2d8/numpy-1.24.3-cp39-cp39-macosx_10_9_x86_64.whl", hash = "sha256:4719d5aefb5189f50887773699eaf94e7d1e02bf36c1a9d353d9f46703758ca4"},
    {url = "https://files.pythonhosted.org/packages/15/b8/cbe1750b9ec78062e5a00ef39ff8bdf189ce753b411b6b35931ababaee47/numpy-1.24.3-pp38-pypy38_pp73-win_amd64.whl", hash = "sha256:35400e6a8d102fd07c71ed7dcadd9eb62ee9a6e84ec159bd48c28235bbb0f8e4"},
    {url = "https://files.pythonhosted.org/packages/1a/62/af7e78a12207608b23e3b2e248fc823fbef75f17d5defc8a127c5661daca/numpy-1.24.3-cp38-cp38-win_amd64.whl", hash = "sha256:56e48aec79ae238f6e4395886b5eaed058abb7231fb3361ddd7bfdf4eed54289"},
    {url = "https://files.pythonhosted.org/packages/2c/d4/590ae7df5044465cc9fa2db152ae12468694d62d952b1528ecff328ef7fc/numpy-1.24.3.tar.gz", hash = "sha256:ab344f1bf21f140adab8e47fdbc7c35a477dc01408791f8ba00d018dd0bc5155"},
    {url = "https://files.pythonhosted.org/packages/53/f7/bf6e2b973c6d6a4c60f722dd95322d4997b4999347d67c5c74a4042a07b7/numpy-1.24.3-cp38-cp38-win32.whl", hash = "sha256:d933fabd8f6a319e8530d0de4fcc2e6a61917e0b0c271fded460032db42a0fe4"},
    {url = "https://files.pythonhosted.org/packages/54/41/fb17c1d48a574c50422ff3f1b17ed979b755adc6ed291c4a44a76e226c67/numpy-1.24.3-cp39-cp39-macosx_11_0_arm64.whl", hash = "sha256:0ec87a7084caa559c36e0a2309e4ecb1baa03b687201d0a847c8b0ed476a7187"},
    {url = "https://files.pythonhosted.org/packages/5a/ab/d0eff89e0c05cc86fa7955c5e54e8ed0957a8a97a2516384b9ffd82008cc/numpy-1.24.3-pp38-pypy38_pp73-macosx_10_9_x86_64.whl", hash = "sha256:352ee00c7f8387b44d19f4cada524586f07379c0d49270f87233983bc5087ca0"},
    {url = "https://files.pythonhosted.org/packages/62/e4/cd77d5f3d02c30d9ca8f2995df3cb3974c75cf1cc777fad445753475c4e4/numpy-1.24.3-cp310-cp310-manylinux_2_17_aarch64.manylinux2014_aarch64.whl", hash = "sha256:8535303847b89aa6b0f00aa1dc62867b5a32923e4d1681a35b5eef2d9591a463"},
    {url = "https://files.pythonhosted.org/packages/65/5d/46da284b0bf6cfbf04082c3c5e84399664d69e41c11a33587ad49b0c64e5/numpy-1.24.3-cp310-cp310-win_amd64.whl", hash = "sha256:ab5f23af8c16022663a652d3b25dcdc272ac3f83c3af4c02eb8b824e6b3ab9d7"},
    {url = "https://files.pythonhosted.org/packages/6f/72/38f9a536bdb5bfb1682f2520f133ec6e08dde8bcca1f632e347641d90763/numpy-1.24.3-cp310-cp310-manylinux_2_17_x86_64.manylinux2014_x86_64.whl", hash = "sha256:2d926b52ba1367f9acb76b0df6ed21f0b16a1ad87c6720a1121674e5cf63e2b6"},
    {url = "https://files.pythonhosted.org/packages/72/eb/9c77bbc4d2b4ca17ef253621794a2d42897d896f86cd493db3eabe1a7d25/numpy-1.24.3-cp311-cp311-manylinux_2_17_aarch64.manylinux2014_aarch64.whl", hash = "sha256:76e3f4e85fc5d4fd311f6e9b794d0c00e7002ec122be271f2019d63376f1d385"},
    {url = "https://files.pythonhosted.org/packages/76/7c/cfb8ac4925defbe222aec15ac6b42b2a3d9bab7c9d13a2e767f534b35c2e/numpy-1.24.3-cp39-cp39-win_amd64.whl", hash = "sha256:d5036197ecae68d7f491fcdb4df90082b0d4960ca6599ba2659957aafced7c17"},
    {url = "https://files.pythonhosted.org/packages/79/4a/63a79242763edde0b5025d104cc2b78c44d89310b1bbc9b0f64a96b72ea0/numpy-1.24.3-cp38-cp38-macosx_10_9_x86_64.whl", hash = "sha256:7776ea65423ca6a15255ba1872d82d207bd1e09f6d0894ee4a64678dd2204078"},
    {url = "https://files.pythonhosted.org/packages/82/19/321d369ede7458500f59151101470129d14f3b6768bb9b99bb7156f526b5/numpy-1.24.3-cp311-cp311-manylinux_2_17_x86_64.manylinux2014_x86_64.whl", hash = "sha256:a1d3c026f57ceaad42f8231305d4653d5f05dc6332a730ae5c0bea3513de0950"},
    {url = "https://files.pythonhosted.org/packages/83/be/de078ac5e4ff572b1bdac1808b77cea2013b2c6286282f89b1de3e951273/numpy-1.24.3-cp39-cp39-manylinux_2_17_x86_64.manylinux2014_x86_64.whl", hash = "sha256:210461d87fb02a84ef243cac5e814aad2b7f4be953b32cb53327bb49fd77fbb4"},
    {url = "https://files.pythonhosted.org/packages/89/e3/e2f478b2ff131e7c3171044a87e74df61db4b67fbcb90be479c07a44d0a7/numpy-1.24.3-cp310-cp310-win32.whl", hash = "sha256:f21c442fdd2805e91799fbe044a7b999b8571bb0ab0f7850d0cb9641a687092b"},
    {url = "https://files.pythonhosted.org/packages/8b/d9/814a619ab84d8eb0d95e08d4c723e665f1e694b5a6068ca505a61bdc3745/numpy-1.24.3-cp38-cp38-manylinux_2_17_x86_64.manylinux2014_x86_64.whl", hash = "sha256:4749e053a29364d3452c034827102ee100986903263e89884922ef01a0a6fd2f"},
    {url = "https://files.pythonhosted.org/packages/94/84/ed45416c8319c02348a5812d5647796a0833e3fb5576d01758f2a72e9200/numpy-1.24.3-cp311-cp311-win32.whl", hash = "sha256:c91c4afd8abc3908e00a44b2672718905b8611503f7ff87390cc0ac3423fb096"},
    {url = "https://files.pythonhosted.org/packages/96/92/2a8c1356e226311cf885e04eff576df8c357b2626c47c9283024bc24e01e/numpy-1.24.3-cp39-cp39-manylinux_2_17_aarch64.manylinux2014_aarch64.whl", hash = "sha256:ea8282b9bcfe2b5e7d491d0bf7f3e2da29700cec05b49e64d6246923329f2b02"},
    {url = "https://files.pythonhosted.org/packages/a7/fe/72493149c65dcd39d8c8dc09870e242bd689d1db2bde3ec479807bf0d414/numpy-1.24.3-cp38-cp38-manylinux_2_17_aarch64.manylinux2014_aarch64.whl", hash = "sha256:ecde0f8adef7dfdec993fd54b0f78183051b6580f606111a6d789cd14c61ea0c"},
    {url = "https://files.pythonhosted.org/packages/ca/13/c5bc0100b425f007412c3ba5d71e5ae9c08260fecbffd620764a9df1f4de/numpy-1.24.3-cp38-cp38-macosx_11_0_arm64.whl", hash = "sha256:ae8d0be48d1b6ed82588934aaaa179875e7dc4f3d84da18d7eae6eb3f06c242c"},
    {url = "https://files.pythonhosted.org/packages/d5/d6/07b37e7fecad7d158aabb4782a1b941e10afe8b80ec24cd64285a5bbb81b/numpy-1.24.3-cp39-cp39-win32.whl", hash = "sha256:784c6da1a07818491b0ffd63c6bbe5a33deaa0e25a20e1b3ea20cf0e43f8046c"},
    {url = "https://files.pythonhosted.org/packages/eb/10/2c3c672034d860bcca50b65d656e24c4e2ace9fb452fdd81da78cb7418a1/numpy-1.24.3-pp38-pypy38_pp73-manylinux_2_17_x86_64.manylinux2014_x86_64.whl", hash = "sha256:1a7d6acc2e7524c9955e5c903160aa4ea083736fde7e91276b0e5d98e6332812"},
    {url = "https://files.pythonhosted.org/packages/ec/7d/f69c47ea3db0cd8ca444aec241a80b538eb176ae756820489a9d2946ec8c/numpy-1.24.3-cp311-cp311-macosx_10_9_x86_64.whl", hash = "sha256:9a7721ec204d3a237225db3e194c25268faf92e19338a35f3a224469cb6039a3"},
    {url = "https://files.pythonhosted.org/packages/ee/6c/7217a8844dfe22e349bccbecd35571fa72c5d7fe8b33d8c5540e8cc2535c/numpy-1.24.3-cp311-cp311-macosx_11_0_arm64.whl", hash = "sha256:d6cc757de514c00b24ae8cf5c876af2a7c3df189028d68c0cb4eaa9cd5afc2bf"},
    {url = "https://files.pythonhosted.org/packages/f0/e8/1ea9adebdccaadfc208c7517e09f5145ed5a73069779ff436393085d47a2/numpy-1.24.3-cp311-cp311-win_amd64.whl", hash = "sha256:5342cf6aad47943286afa6f1609cad9b4266a05e7f2ec408e2cf7aea7ff69d80"},
    {url = "https://files.pythonhosted.org/packages/f3/23/7cc851bae09cf4db90d42a701dfe525780883ada86bece45e3da7a07e76b/numpy-1.24.3-cp310-cp310-macosx_10_9_x86_64.whl", hash = "sha256:3c1104d3c036fb81ab923f507536daedc718d0ad5a8707c6061cdfd6d184e570"},
    {url = "https://files.pythonhosted.org/packages/fa/7d/8dfb40eecbb6bc83ca00ef979f5cdeca5909a250cb8b642dcf1fbd34c078/numpy-1.24.3-cp310-cp310-macosx_11_0_arm64.whl", hash = "sha256:202de8f38fc4a45a3eea4b63e2f376e5f2dc64ef0fa692838e31a808520efaf7"},
]
"psutil 5.9.5" = [
    {url = "https://files.pythonhosted.org/packages/26/f2/dcd8a3cc9c9b1fcd7576a54e3603ce4d1f85672f2687a44050340f7d47b0/psutil-5.9.5-cp27-none-win_amd64.whl", hash = "sha256:8c5f7c5a052d1d567db4ddd231a9d27a74e8e4a9c3f44b1032762bd7b9fdcd42"},
    {url = "https://files.pythonhosted.org/packages/3b/e4/fee119c206545fd37be1e5fa4eeb0c729a52ec2ade4f728ae1fd1acb2a3a/psutil-5.9.5-cp27-cp27m-macosx_10_9_x86_64.whl", hash = "sha256:be8929ce4313f9f8146caad4272f6abb8bf99fc6cf59344a3167ecd74f4f203f"},
    {url = "https://files.pythonhosted.org/packages/5f/da/de9d2342db0b7a96863ef84ab94ef1022eec78ece05aac253cddc494e1a7/psutil-5.9.5-cp27-cp27mu-manylinux2010_x86_64.whl", hash = "sha256:acf2aef9391710afded549ff602b5887d7a2349831ae4c26be7c807c0a39fac4"},
    {url = "https://files.pythonhosted.org/packages/86/f3/23e4e4e7ec7855d506ed928756b04735c246b14d9f778ed7ffaae18d8043/psutil-5.9.5-cp36-abi3-win_amd64.whl", hash = "sha256:b258c0c1c9d145a1d5ceffab1134441c4c5113b2417fafff7315a917a026c3c9"},
    {url = "https://files.pythonhosted.org/packages/89/fa/ab117fa86195050802207639f5daee857791daaabe9a996935b5b77dbe10/psutil-5.9.5-cp27-cp27m-manylinux2010_x86_64.whl", hash = "sha256:4aef137f3345082a3d3232187aeb4ac4ef959ba3d7c10c33dd73763fbc063da4"},
    {url = "https://files.pythonhosted.org/packages/8d/24/ed6b6506f187def39887a91a68e58336eff4cf3e3d5a163ded58bee98624/psutil-5.9.5-cp27-cp27m-manylinux2010_i686.whl", hash = "sha256:ab8ed1a1d77c95453db1ae00a3f9c50227ebd955437bcf2a574ba8adbf6a74d5"},
    {url = "https://files.pythonhosted.org/packages/99/f5/ec768e107445f18baa907509aaa0562a4d148a602bd97e8114d79bd6c84d/psutil-5.9.5-cp27-cp27mu-manylinux2010_i686.whl", hash = "sha256:ea8518d152174e1249c4f2a1c89e3e6065941df2fa13a1ab45327716a23c2b48"},
    {url = "https://files.pythonhosted.org/packages/9a/76/c0195c3443a725c24b3a479f57636dec89efe53d19d435d1752c5188f7de/psutil-5.9.5-cp36-abi3-macosx_10_9_x86_64.whl", hash = "sha256:3c6f686f4225553615612f6d9bc21f1c0e305f75d7d8454f9b46e901778e7217"},
    {url = "https://files.pythonhosted.org/packages/af/4d/389441079ecef400e2551a3933224885a7bde6b8a4810091d628cdd75afe/psutil-5.9.5-cp36-abi3-manylinux_2_12_x86_64.manylinux2010_x86_64.manylinux_2_17_x86_64.manylinux2014_x86_64.whl", hash = "sha256:89518112647f1276b03ca97b65cc7f64ca587b1eb0278383017c2a0dcc26cbe4"},
    {url = "https://files.pythonhosted.org/packages/cf/e3/6af6ec0cbe72f63e9a16d8b53590489e40ed0ff0c99b6a6f05d6af3bb80e/psutil-5.9.5-cp27-none-win32.whl", hash = "sha256:5b9b8cb93f507e8dbaf22af6a2fd0ccbe8244bf30b1baad6b3954e935157ae3f"},
    {url = "https://files.pythonhosted.org/packages/d6/0f/96b7309212a926c1448366e9ce69b081ea79d63265bde33f11cc9cfc2c07/psutil-5.9.5.tar.gz", hash = "sha256:5410638e4df39c54d957fc51ce03048acd8e6d60abc0f5107af51e5fb566eb3c"},
    {url = "https://files.pythonhosted.org/packages/e5/2e/56db2b45508ad484b3f22888b3e1adaaf09b8766eaa058ed0e4486c1abae/psutil-5.9.5-cp36-abi3-manylinux_2_12_i686.manylinux2010_i686.manylinux_2_17_i686.manylinux2014_i686.whl", hash = "sha256:7a7dd9997128a0d928ed4fb2c2d57e5102bb6089027939f3b722f3a210f9a8da"},
    {url = "https://files.pythonhosted.org/packages/ed/98/2624954f83489ab13fde2b544baa337d5578c07eee304d320d9ba56e1b1f/psutil-5.9.5-cp38-abi3-macosx_11_0_arm64.whl", hash = "sha256:c607bb3b57dc779d55e1554846352b4e358c10fff3abf3514a7a6601beebdb30"},
    {url = "https://files.pythonhosted.org/packages/fa/e0/e91277b1cabf5c3f2995c22314553f1be68b17444260101f365c5a5b6ba1/psutil-5.9.5-cp36-abi3-win32.whl", hash = "sha256:104a5cc0e31baa2bcf67900be36acde157756b9c44017b86b2c049f11957887d"},
]
"scikit-learn 1.2.2" = [
    {url = "https://files.pythonhosted.org/packages/17/13/d4142c9105507ba363d9f3602941b7baf79763cc17e73fa9be826ba3aa89/scikit_learn-1.2.2-cp38-cp38-macosx_10_9_x86_64.whl", hash = "sha256:9c710ff9f9936ba8a3b74a455ccf0dcf59b230caa1e9ba0223773c490cab1e51"},
    {url = "https://files.pythonhosted.org/packages/27/4a/1afe473760b07663710a75437b795ef37362aebb8bf513ff3bbf78fbd0c6/scikit_learn-1.2.2-cp311-cp311-macosx_10_9_x86_64.whl", hash = "sha256:dfeaf8be72117eb61a164ea6fc8afb6dfe08c6f90365bde2dc16456e4bc8e45f"},
    {url = "https://files.pythonhosted.org/packages/2f/fd/9fcbe7fe94150e72d87120cbc462bde1971c3674e726b81f4a4c4fdfa8e1/scikit_learn-1.2.2-cp311-cp311-macosx_12_0_arm64.whl", hash = "sha256:fe0aa1a7029ed3e1dcbf4a5bc675aa3b1bc468d9012ecf6c6f081251ca47f590"},
    {url = "https://files.pythonhosted.org/packages/39/85/95298f12ec1ed756938edafe9f15498109ec8dbfc833ae492ae1cc333933/scikit_learn-1.2.2-cp39-cp39-macosx_12_0_arm64.whl", hash = "sha256:fe175ee1dab589d2e1033657c5b6bec92a8a3b69103e3dd361b58014729975c3"},
    {url = "https://files.pythonhosted.org/packages/3a/9c/7e26446b45192186c63bf6e9fc50a4834b8c9d85a719e06d60a244ded6f3/scikit_learn-1.2.2-cp38-cp38-manylinux_2_17_aarch64.manylinux2014_aarch64.whl", hash = "sha256:44b47a305190c28dd8dd73fc9445f802b6ea716669cfc22ab1eb97b335d238b1"},
    {url = "https://files.pythonhosted.org/packages/3c/21/ee21352f69a980614cb4193d68a64a83aa2c0f80183c9485d6d61821a922/scikit_learn-1.2.2-cp310-cp310-macosx_10_9_x86_64.whl", hash = "sha256:99cc01184e347de485bf253d19fcb3b1a3fb0ee4cea5ee3c43ec0cc429b6d29f"},
    {url = "https://files.pythonhosted.org/packages/48/92/a39d1c9e0a6cb5ed4112899ecca590138484356ba8c4274dde6c3893ff14/scikit_learn-1.2.2-cp310-cp310-manylinux_2_17_aarch64.manylinux2014_aarch64.whl", hash = "sha256:6fe83b676f407f00afa388dd1fdd49e5c6612e551ed84f3b1b182858f09e987d"},
    {url = "https://files.pythonhosted.org/packages/4c/64/a1e6e92b850b39200c82e3bc54d556b2c634b3904c39ac5cdb10b1c5765f/scikit_learn-1.2.2-cp311-cp311-manylinux_2_17_x86_64.manylinux2014_x86_64.whl", hash = "sha256:bf036ea7ef66115e0d49655f16febfa547886deba20149555a41d28f56fd6d3c"},
    {url = "https://files.pythonhosted.org/packages/4f/6b/a204ee49e2d4dec62b38394adbdc7672e9a9df9f359a80705a07a46cace6/scikit_learn-1.2.2-cp39-cp39-manylinux_2_17_aarch64.manylinux2014_aarch64.whl", hash = "sha256:7d5312d9674bed14f73773d2acf15a3272639b981e60b72c9b190a0cffed5bad"},
    {url = "https://files.pythonhosted.org/packages/51/b6/d9a414b6579c4ec5703cebc0fe7b7b6821344190bffa3d46a1a23efd173a/scikit_learn-1.2.2-cp39-cp39-win_amd64.whl", hash = "sha256:6477eed40dbce190f9f9e9d0d37e020815825b300121307942ec2110302b66a3"},
    {url = "https://files.pythonhosted.org/packages/51/d1/58faa69e97ee60e99dcdde5df43f17f0887eda5de9eafb6534a51b63d791/scikit_learn-1.2.2-cp38-cp38-manylinux_2_17_x86_64.manylinux2014_x86_64.whl", hash = "sha256:953236889928d104c2ef14027539f5f2609a47ebf716b8cbe4437e85dce42744"},
    {url = "https://files.pythonhosted.org/packages/5a/43/5c4d21217df6a033999ee531fdfd52809263727b4afb26f7196a8ec709ae/scikit_learn-1.2.2-cp310-cp310-macosx_12_0_arm64.whl", hash = "sha256:e6e574db9914afcb4e11ade84fab084536a895ca60aadea3041e85b8ac963edb"},
    {url = "https://files.pythonhosted.org/packages/5b/fb/478a0460ae2843dd2fc7a7f9ddcd8bb033ae21eb968df6a8cbe8094a28bc/scikit_learn-1.2.2-cp38-cp38-win_amd64.whl", hash = "sha256:7f69313884e8eb311460cc2f28676d5e400bd929841a2c8eb8742ae78ebf7c20"},
    {url = "https://files.pythonhosted.org/packages/72/aa/a97b6ae8fc4ce0e1b3837b3613b0563ce843eb34cf4089fb41d613dee957/scikit_learn-1.2.2-cp39-cp39-macosx_10_9_x86_64.whl", hash = "sha256:8156db41e1c39c69aa2d8599ab7577af53e9e5e7a57b0504e116cc73c39138dd"},
    {url = "https://files.pythonhosted.org/packages/81/84/756be2b975959a5f94124d5584ead75d7ca99184f2d16664a0157b274b9a/scikit_learn-1.2.2-cp39-cp39-manylinux_2_17_x86_64.manylinux2014_x86_64.whl", hash = "sha256:ea061bf0283bf9a9f36ea3c5d3231ba2176221bbd430abd2603b1c3b2ed85c89"},
    {url = "https://files.pythonhosted.org/packages/ae/a8/829ef05dbeb9aa4436190ea00c8db6d59a39751b45e17932221d27fe9e51/scikit_learn-1.2.2-cp38-cp38-macosx_12_0_arm64.whl", hash = "sha256:2dd3ffd3950e3d6c0c0ef9033a9b9b32d910c61bd06cb8206303fb4514b88a49"},
    {url = "https://files.pythonhosted.org/packages/c9/fa/8e158d81e3602da1e7bafbd4987938bc003fe4b0f44d65681e7f8face95a/scikit-learn-1.2.2.tar.gz", hash = "sha256:8429aea30ec24e7a8c7ed8a3fa6213adf3814a6efbea09e16e0a0c71e1a1a3d7"},
    {url = "https://files.pythonhosted.org/packages/d7/8a/301594a8bb1cfeeb95dd86aa7dfedd31e93211940105429abddf0933cfff/scikit_learn-1.2.2-cp311-cp311-manylinux_2_17_aarch64.manylinux2014_aarch64.whl", hash = "sha256:065e9673e24e0dc5113e2dd2b4ca30c9d8aa2fa90f4c0597241c93b63130d233"},
    {url = "https://files.pythonhosted.org/packages/db/98/169b46a84b48f92df2b5e163fce75d471f4df933f8b3d925a61133210776/scikit_learn-1.2.2-cp311-cp311-win_amd64.whl", hash = "sha256:8b0670d4224a3c2d596fd572fb4fa673b2a0ccfb07152688ebd2ea0b8c61025c"},
    {url = "https://files.pythonhosted.org/packages/f4/4d/fe3b35e18407da4b386be58616bd0f941ea1762a6c6798267f3aa64ef5d5/scikit_learn-1.2.2-cp310-cp310-win_amd64.whl", hash = "sha256:ad66c3848c0a1ec13464b2a95d0a484fd5b02ce74268eaa7e0c697b904f31d6c"},
    {url = "https://files.pythonhosted.org/packages/fa/1e/36d7609e84b50d4a2e5bc43cd5013d9ea885799e5813a1e9cf5bb1afd3f4/scikit_learn-1.2.2-cp310-cp310-manylinux_2_17_x86_64.manylinux2014_x86_64.whl", hash = "sha256:2e2642baa0ad1e8f8188917423dd73994bf25429f8893ddbe115be3ca3183584"},
]
"scipy 1.9.3" = [
    {url = "https://files.pythonhosted.org/packages/0a/2e/44795c6398e24e45fa0bb61c3e98de1cfea567b1b51efd3751e2f7ff9720/scipy-1.9.3.tar.gz", hash = "sha256:fbc5c05c85c1a02be77b1ff591087c83bc44579c6d2bd9fb798bb64ea5e1a027"},
    {url = "https://files.pythonhosted.org/packages/40/0e/3ff193b6ba6a0a6f13f8d367e8976370232e769bd609c8c11d86e0353adf/scipy-1.9.3-cp310-cp310-macosx_12_0_arm64.whl", hash = "sha256:83b89e9586c62e787f5012e8475fbb12185bafb996a03257e9675cd73d3736dd"},
    {url = "https://files.pythonhosted.org/packages/42/14/d2500818b7bb7b862d70c1ae97e646a4795b068583c67720553764095024/scipy-1.9.3-cp38-cp38-win_amd64.whl", hash = "sha256:2318bef588acc7a574f5bfdff9c172d0b1bf2c8143d9582e05f878e580a3781e"},
    {url = "https://files.pythonhosted.org/packages/42/81/0a64d2204c3b261380ac96c6d61f018528108b62c0e21e6153a58cebf4f6/scipy-1.9.3-cp311-cp311-win_amd64.whl", hash = "sha256:06d2e1b4c491dc7d8eacea139a1b0b295f74e1a1a0f704c375028f8320d16e31"},
    {url = "https://files.pythonhosted.org/packages/44/8a/bae77e624391b27aeea2d33a02f2ce4a8019f1378ce92faf5780f1521f2e/scipy-1.9.3-cp38-cp38-macosx_12_0_arm64.whl", hash = "sha256:545c83ffb518094d8c9d83cce216c0c32f8c04aaf28b92cc8283eda0685162d5"},
    {url = "https://files.pythonhosted.org/packages/56/af/6a2b90fe280e89466d84747054667f74b84a8304f75931a173090919991f/scipy-1.9.3-cp38-cp38-manylinux_2_17_x86_64.manylinux2014_x86_64.whl", hash = "sha256:cff3a5295234037e39500d35316a4c5794739433528310e117b8a9a0c76d20fc"},
    {url = "https://files.pythonhosted.org/packages/59/0b/8a9acfc5c36bbf6e18d02f3a08db5b83bebba510be2df3230f53852c74a4/scipy-1.9.3-cp310-cp310-manylinux_2_17_x86_64.manylinux2014_x86_64.whl", hash = "sha256:d01e1dd7b15bd2449c8bfc6b7cc67d630700ed655654f0dfcf121600bad205c9"},
    {url = "https://files.pythonhosted.org/packages/59/ef/d54d17c36b46a9b8f6e1d4bf039b7f7ad236504cfb13cf1872caec9cbeaa/scipy-1.9.3-cp39-cp39-macosx_10_9_x86_64.whl", hash = "sha256:d644a64e174c16cb4b2e41dfea6af722053e83d066da7343f333a54dae9bc31c"},
    {url = "https://files.pythonhosted.org/packages/84/86/4f38fa30c112c3590954420f85d95b8cd23811ecc5cfc4bfd4d988d4db44/scipy-1.9.3-cp38-cp38-macosx_10_9_x86_64.whl", hash = "sha256:5a04cd7d0d3eff6ea4719371cbc44df31411862b9646db617c99718ff68d4840"},
    {url = "https://files.pythonhosted.org/packages/92/f9/7ae2c1ae200212bc84b5a8369a10d644aa8b588140fe292d59db3b4a2545/scipy-1.9.3-cp311-cp311-manylinux_2_17_x86_64.manylinux2014_x86_64.whl", hash = "sha256:abaf921531b5aeaafced90157db505e10345e45038c39e5d9b6c7922d68085cb"},
    {url = "https://files.pythonhosted.org/packages/b5/67/c5451465ec94e654e6315cd5136961d267ae94a0f799b85d26eb9efe4c9f/scipy-1.9.3-cp39-cp39-manylinux_2_17_aarch64.manylinux2014_aarch64.whl", hash = "sha256:4db5b30849606a95dcf519763dd3ab6fe9bd91df49eba517359e450a7d80ce2e"},
    {url = "https://files.pythonhosted.org/packages/bb/b7/380c9e4cd71263f03d16f8a92c0e44c9bdef38777e1a7dde1f47ba996bac/scipy-1.9.3-cp39-cp39-manylinux_2_17_x86_64.manylinux2014_x86_64.whl", hash = "sha256:c68db6b290cbd4049012990d7fe71a2abd9ffbe82c0056ebe0f01df8be5436b0"},
    {url = "https://files.pythonhosted.org/packages/c3/3e/e40c52775a5d19abd43b1c245fbc5dee283a29acc45c830bc73bfad9468b/scipy-1.9.3-cp311-cp311-macosx_12_0_arm64.whl", hash = "sha256:90453d2b93ea82a9f434e4e1cba043e779ff67b92f7a0e85d05d286a3625df3c"},
    {url = "https://files.pythonhosted.org/packages/c8/0f/d9f8c50be8670b7ba6f002679e84cd18f46a23faf62c1590f4d1bbec0c8c/scipy-1.9.3-cp39-cp39-macosx_12_0_arm64.whl", hash = "sha256:da8245491d73ed0a994ed9c2e380fd058ce2fa8a18da204681f2fe1f57f98f95"},
    {url = "https://files.pythonhosted.org/packages/ce/28/635391e72e24bd3f4a91e374f4a186a5e4ecc95f23d8a55c9b0d25777cf7/scipy-1.9.3-cp310-cp310-manylinux_2_17_aarch64.manylinux2014_aarch64.whl", hash = "sha256:1a72d885fa44247f92743fc20732ae55564ff2a519e8302fb7e18717c5355a8b"},
    {url = "https://files.pythonhosted.org/packages/cf/0e/3f1685c1fcb5dfe35ec027a5fc7a29e8818c61b2cc7fa207b4fc7b959f52/scipy-1.9.3-cp310-cp310-win_amd64.whl", hash = "sha256:68239b6aa6f9c593da8be1509a05cb7f9efe98b80f43a5861cd24c7557e98523"},
    {url = "https://files.pythonhosted.org/packages/d0/96/4f6eac3fea18f836a0e403539556b1684e6f3361fa39aa5d5797dedecd75/scipy-1.9.3-cp39-cp39-win_amd64.whl", hash = "sha256:5b88e6d91ad9d59478fafe92a7c757d00c59e3bdc3331be8ada76a4f8d683f58"},
    {url = "https://files.pythonhosted.org/packages/df/75/c0254dc58d1f1b00f9d3dbda029743b71b815dd512461ed20d9b7f459e37/scipy-1.9.3-cp311-cp311-macosx_10_9_x86_64.whl", hash = "sha256:b41bc822679ad1c9a5f023bc93f6d0543129ca0f37c1ce294dd9d386f0a21096"},
    {url = "https://files.pythonhosted.org/packages/f4/9d/882134b1e774a9227ab855c71a39612194e1106185595417ce92f0f1e78c/scipy-1.9.3-cp38-cp38-manylinux_2_17_aarch64.manylinux2014_aarch64.whl", hash = "sha256:0d54222d7a3ba6022fdf5773931b5d7c56efe41ede7f7128c7b1637700409108"},
    {url = "https://files.pythonhosted.org/packages/f9/37/5cd44af74d7178a44452b17ea162bc93996d5555b4a978877d2efd56fe84/scipy-1.9.3-cp311-cp311-manylinux_2_17_aarch64.manylinux2014_aarch64.whl", hash = "sha256:83c06e62a390a9167da60bedd4575a14c1f58ca9dfde59830fc42e5197283dab"},
    {url = "https://files.pythonhosted.org/packages/fb/ba/1733dbbc19f2aa07d100cfa220bcc83a3977bc5c9f0a5ad262dae1f3ab90/scipy-1.9.3-cp310-cp310-macosx_10_9_x86_64.whl", hash = "sha256:1884b66a54887e21addf9c16fb588720a8309a57b2e258ae1c7986d4444d3bc0"},
]
"threadpoolctl 3.1.0" = [
    {url = "https://files.pythonhosted.org/packages/1b/c7/3d85f8b3894ba7228d0c74e16e97a36a72b2cd2b0e0f8f89b5d435d11f71/threadpoolctl-3.1.0.tar.gz", hash = "sha256:a335baacfaa4400ae1f0d8e3a58d6674d2f8828e3716bb2802c44955ad391380"},
    {url = "https://files.pythonhosted.org/packages/61/cf/6e354304bcb9c6413c4e02a747b600061c21d38ba51e7e544ac7bc66aecc/threadpoolctl-3.1.0-py3-none-any.whl", hash = "sha256:8b99adda265feb6773280df41eece7b2e6561b772d21ffd52e372f999024907b"},
]
